
Microsoft Visual Studio Solution File, Format Version 12.00
# Visual Studio Version 16
VisualStudioVersion = 16.0.31702.278
MinimumVisualStudioVersion = 10.0.40219.1
Project("{FAE04EC0-301F-11D3-BF4B-00C04F79EFBC}") = "ERP-Motel", "ERP-Motel.csproj", "{C680437D-EF9F-4C74-A1E5-1A80839F01D2}"
EndProject
Global
	GlobalSection(SolutionConfigurationPlatforms) = preSolution
		Debug|Any CPU = Debug|Any CPU
		Release|Any CPU = Release|Any CPU
	EndGlobalSection
	GlobalSection(ProjectConfigurationPlatforms) = postSolution
		{C680437D-EF9F-4C74-A1E5-1A80839F01D2}.Debug|Any CPU.ActiveCfg = Debug|Any CPU
		{C680437D-EF9F-4C74-A1E5-1A80839F01D2}.Debug|Any CPU.Build.0 = Debug|Any CPU
		{C680437D-EF9F-4C74-A1E5-1A80839F01D2}.Release|Any CPU.ActiveCfg = Release|Any CPU
		{C680437D-EF9F-4C74-A1E5-1A80839F01D2}.Release|Any CPU.Build.0 = Release|Any CPU
	EndGlobalSection
	GlobalSection(SolutionProperties) = preSolution
		HideSolutionNode = FALSE
	EndGlobalSection
	GlobalSection(ExtensibilityGlobals) = postSolution
		SolutionGuid = {F0732698-8FBF-4780-8D7A-CA298E205537}
	EndGlobalSection
EndGlobal
